// !$*UTF8*$!
{
	archiveVersion = 1;
	classes = {
	};
	objectVersion = 46;
	objects = {

/* Begin PBXBuildFile section */
		0E56F87588995FCD281C4EE6 /* Pods_planit_v0_2UITests.framework in Frameworks */ = {isa = PBXBuildFile; fileRef = ED4A2134146D2128C7538337 /* Pods_planit_v0_2UITests.framework */; };
		191BF7D83FF5218C958D0EDB /* Pods_planit_v0_2.framework in Frameworks */ = {isa = PBXBuildFile; fileRef = 04C09738698217841A11CBDB /* Pods_planit_v0_2.framework */; };
		AF4CFEF2E9465786DE56CC42 /* Pods_planit_v0_2Tests.framework in Frameworks */ = {isa = PBXBuildFile; fileRef = FF99F8DC1EC030B0E3C827B0 /* Pods_planit_v0_2Tests.framework */; };
		FA09A3EA1EB110A6007F64A3 /* ToDoViewController.swift in Sources */ = {isa = PBXBuildFile; fileRef = FA09A3E91EB110A6007F64A3 /* ToDoViewController.swift */; };
		FA09A3ED1EB23694007F64A3 /* ToDoCardContentView.xib in Resources */ = {isa = PBXBuildFile; fileRef = FA09A3EB1EB23694007F64A3 /* ToDoCardContentView.xib */; };
		FA09A3EE1EB23694007F64A3 /* ToDoCardView.swift in Sources */ = {isa = PBXBuildFile; fileRef = FA09A3EC1EB23694007F64A3 /* ToDoCardView.swift */; };
		FA09A3F11EB23894007F64A3 /* CardContentView.xib in Resources */ = {isa = PBXBuildFile; fileRef = FA09A3EF1EB23893007F64A3 /* CardContentView.xib */; };
		FA09A3F21EB23894007F64A3 /* CardView.swift in Sources */ = {isa = PBXBuildFile; fileRef = FA09A3F01EB23894007F64A3 /* CardView.swift */; };
		FA187E451E37005200971D47 /* messageComposer.swift in Sources */ = {isa = PBXBuildFile; fileRef = FA187E441E37005200971D47 /* messageComposer.swift */; };
		FA2CFC0A1E3E57A200527405 /* UnbookedTripSummaryViewController.swift in Sources */ = {isa = PBXBuildFile; fileRef = FA2CFC091E3E57A200527405 /* UnbookedTripSummaryViewController.swift */; };
		FA35EF311EA5506D0029E462 /* HotelPreferencesViewController.swift in Sources */ = {isa = PBXBuildFile; fileRef = FA35EF301EA5506D0029E462 /* HotelPreferencesViewController.swift */; };
		FA4E922B1E3526DD00231C72 /* API.swift in Sources */ = {isa = PBXBuildFile; fileRef = FA4E922A1E3526DD00231C72 /* API.swift */; };
		FA5F13AB1EB92E310003A992 /* amenityTableViewCell.swift in Sources */ = {isa = PBXBuildFile; fileRef = FA5F13AA1EB92E310003A992 /* amenityTableViewCell.swift */; };
		FAA8F2231E35194100CD7337 /* AppDelegate.swift in Sources */ = {isa = PBXBuildFile; fileRef = FAA8F2221E35194100CD7337 /* AppDelegate.swift */; };
		FAA8F22A1E35194100CD7337 /* Assets.xcassets in Resources */ = {isa = PBXBuildFile; fileRef = FAA8F2291E35194100CD7337 /* Assets.xcassets */; };
		FAA8F2381E35194100CD7337 /* planit_v0_2Tests.swift in Sources */ = {isa = PBXBuildFile; fileRef = FAA8F2371E35194100CD7337 /* planit_v0_2Tests.swift */; };
		FAA8F2431E35194100CD7337 /* planit_v0_2UITests.swift in Sources */ = {isa = PBXBuildFile; fileRef = FAA8F2421E35194100CD7337 /* planit_v0_2UITests.swift */; };
		FAA8F2541E351A2700CD7337 /* LaunchScreen.storyboard in Resources */ = {isa = PBXBuildFile; fileRef = FAA8F2501E351A2700CD7337 /* LaunchScreen.storyboard */; };
		FAA8F2551E351A2700CD7337 /* Main.storyboard in Resources */ = {isa = PBXBuildFile; fileRef = FAA8F2521E351A2700CD7337 /* Main.storyboard */; };
		FAA8F2681E351B9500CD7337 /* ActivitiesViewController.swift in Sources */ = {isa = PBXBuildFile; fileRef = FAA8F2581E351B9500CD7337 /* ActivitiesViewController.swift */; };
		FAA8F2691E351B9500CD7337 /* BirthdayGenderViewController.swift in Sources */ = {isa = PBXBuildFile; fileRef = FAA8F2591E351B9500CD7337 /* BirthdayGenderViewController.swift */; };
		FAA8F26A1E351B9500CD7337 /* BudgetViewController.swift in Sources */ = {isa = PBXBuildFile; fileRef = FAA8F25A1E351B9500CD7337 /* BudgetViewController.swift */; };
		FAA8F26C1E351B9500CD7337 /* EmailViewController.swift in Sources */ = {isa = PBXBuildFile; fileRef = FAA8F25C1E351B9500CD7337 /* EmailViewController.swift */; };
		FAA8F26D1E351B9500CD7337 /* HomeAirportViewController.swift in Sources */ = {isa = PBXBuildFile; fileRef = FAA8F25D1E351B9500CD7337 /* HomeAirportViewController.swift */; };
		FAA8F26E1E351B9500CD7337 /* InstructionsViewController.swift in Sources */ = {isa = PBXBuildFile; fileRef = FAA8F25E1E351B9500CD7337 /* InstructionsViewController.swift */; };
		FAA8F26F1E351B9500CD7337 /* InternationalViewController.swift in Sources */ = {isa = PBXBuildFile; fileRef = FAA8F25F1E351B9500CD7337 /* InternationalViewController.swift */; };
		FAA8F2701E351B9500CD7337 /* NewTripNameViewController.swift in Sources */ = {isa = PBXBuildFile; fileRef = FAA8F2601E351B9500CD7337 /* NewTripNameViewController.swift */; };
		FAA8F2711E351B9500CD7337 /* PasswordViewController.swift in Sources */ = {isa = PBXBuildFile; fileRef = FAA8F2611E351B9500CD7337 /* PasswordViewController.swift */; };
		FAA8F2721E351B9500CD7337 /* RankingViewController.swift in Sources */ = {isa = PBXBuildFile; fileRef = FAA8F2621E351B9500CD7337 /* RankingViewController.swift */; };
		FAA8F2741E351B9500CD7337 /* ReviewAndBookViewController.swift in Sources */ = {isa = PBXBuildFile; fileRef = FAA8F2641E351B9500CD7337 /* ReviewAndBookViewController.swift */; };
		FAA8F2751E351B9500CD7337 /* SettingsViewController.swift in Sources */ = {isa = PBXBuildFile; fileRef = FAA8F2651E351B9500CD7337 /* SettingsViewController.swift */; };
		FAA8F2761E351B9500CD7337 /* SuggestDestinationViewController.swift in Sources */ = {isa = PBXBuildFile; fileRef = FAA8F2661E351B9500CD7337 /* SuggestDestinationViewController.swift */; };
		FAA8F2771E351B9500CD7337 /* TripListViewController.swift in Sources */ = {isa = PBXBuildFile; fileRef = FAA8F2671E351B9500CD7337 /* TripListViewController.swift */; };
		FAA8F2831E351D8D00CD7337 /* DataContainerSingleton.swift in Sources */ = {isa = PBXBuildFile; fileRef = FAA8F2821E351D8D00CD7337 /* DataContainerSingleton.swift */; };
		FAA8F2851E351DA300CD7337 /* CreateNewUser.graphql in Resources */ = {isa = PBXBuildFile; fileRef = FAA8F2841E351DA300CD7337 /* CreateNewUser.graphql */; };
		FAA8F2871E351DAC00CD7337 /* GetTrip.graphql in Resources */ = {isa = PBXBuildFile; fileRef = FAA8F2861E351DAC00CD7337 /* GetTrip.graphql */; };
		FAA8F28C1E351DBF00CD7337 /* CellView.swift in Sources */ = {isa = PBXBuildFile; fileRef = FAA8F2881E351DBF00CD7337 /* CellView.swift */; };
		FAA8F28D1E351DBF00CD7337 /* CellView.xib in Resources */ = {isa = PBXBuildFile; fileRef = FAA8F2891E351DBF00CD7337 /* CellView.xib */; };
		FAA8F28E1E351DBF00CD7337 /* monthHeaderView.swift in Sources */ = {isa = PBXBuildFile; fileRef = FAA8F28A1E351DBF00CD7337 /* monthHeaderView.swift */; };
		FAA8F28F1E351DBF00CD7337 /* monthHeaderView.xib in Resources */ = {isa = PBXBuildFile; fileRef = FAA8F28B1E351DBF00CD7337 /* monthHeaderView.xib */; };
		FAA8F2931E351DCD00CD7337 /* ActivitiesCollectionViewCell.swift in Sources */ = {isa = PBXBuildFile; fileRef = FAA8F2901E351DCD00CD7337 /* ActivitiesCollectionViewCell.swift */; };
		FAA8F2941E351DCD00CD7337 /* ActivityItem.swift in Sources */ = {isa = PBXBuildFile; fileRef = FAA8F2911E351DCD00CD7337 /* ActivityItem.swift */; };
		FAA8F2951E351DCD00CD7337 /* contactsCollectionViewCell.swift in Sources */ = {isa = PBXBuildFile; fileRef = FAA8F2921E351DCD00CD7337 /* contactsCollectionViewCell.swift */; };
		FAA8F29B1E351DDE00CD7337 /* contactsTableViewCell.swift in Sources */ = {isa = PBXBuildFile; fileRef = FAA8F2961E351DDE00CD7337 /* contactsTableViewCell.swift */; };
		FAA8F29C1E351DDE00CD7337 /* ExistingTripTableViewCell.swift in Sources */ = {isa = PBXBuildFile; fileRef = FAA8F2971E351DDE00CD7337 /* ExistingTripTableViewCell.swift */; };
		FAA8F29D1E351DDE00CD7337 /* itemizedItineraryTableViewCell.swift in Sources */ = {isa = PBXBuildFile; fileRef = FAA8F2981E351DDE00CD7337 /* itemizedItineraryTableViewCell.swift */; };
		FAA8F29E1E351DDE00CD7337 /* rankedRecommendationsTableViewCell.swift in Sources */ = {isa = PBXBuildFile; fileRef = FAA8F2991E351DDE00CD7337 /* rankedRecommendationsTableViewCell.swift */; };
		FAA8F29F1E351DDE00CD7337 /* timeOfDayTableViewCell.swift in Sources */ = {isa = PBXBuildFile; fileRef = FAA8F29A1E351DDE00CD7337 /* timeOfDayTableViewCell.swift */; };
		FAA8F2A11E351DEB00CD7337 /* items.plist in Resources */ = {isa = PBXBuildFile; fileRef = FAA8F2A01E351DEB00CD7337 /* items.plist */; };
		FAC1BD2E1EAE7707008AB7C4 /* Direction.swift in Sources */ = {isa = PBXBuildFile; fileRef = FAC1BD2A1EAE7707008AB7C4 /* Direction.swift */; };
		FAC1BD2F1EAE7707008AB7C4 /* Scheduler.swift in Sources */ = {isa = PBXBuildFile; fileRef = FAC1BD2B1EAE7707008AB7C4 /* Scheduler.swift */; };
		FAC1BD301EAE7707008AB7C4 /* ViewManager.swift in Sources */ = {isa = PBXBuildFile; fileRef = FAC1BD2C1EAE7707008AB7C4 /* ViewManager.swift */; };
		FAC1BD311EAE7707008AB7C4 /* ZLSwipeableView.swift in Sources */ = {isa = PBXBuildFile; fileRef = FAC1BD2D1EAE7707008AB7C4 /* ZLSwipeableView.swift */; };
/* End PBXBuildFile section */

/* Begin PBXContainerItemProxy section */
		FAA8F2341E35194100CD7337 /* PBXContainerItemProxy */ = {
			isa = PBXContainerItemProxy;
			containerPortal = FAA8F2171E35194100CD7337 /* Project object */;
			proxyType = 1;
			remoteGlobalIDString = FAA8F21E1E35194100CD7337;
			remoteInfo = "planit v0.2";
		};
		FAA8F23F1E35194100CD7337 /* PBXContainerItemProxy */ = {
			isa = PBXContainerItemProxy;
			containerPortal = FAA8F2171E35194100CD7337 /* Project object */;
			proxyType = 1;
			remoteGlobalIDString = FAA8F21E1E35194100CD7337;
			remoteInfo = "planit v0.2";
		};
/* End PBXContainerItemProxy section */

/* Begin PBXFileReference section */
		04C09738698217841A11CBDB /* Pods_planit_v0_2.framework */ = {isa = PBXFileReference; explicitFileType = wrapper.framework; includeInIndex = 0; path = Pods_planit_v0_2.framework; sourceTree = BUILT_PRODUCTS_DIR; };
		107E1EEE1E84BDF1E9696603 /* Pods-planit v0.2UITests.release.xcconfig */ = {isa = PBXFileReference; includeInIndex = 1; lastKnownFileType = text.xcconfig; name = "Pods-planit v0.2UITests.release.xcconfig"; path = "Pods/Target Support Files/Pods-planit v0.2UITests/Pods-planit v0.2UITests.release.xcconfig"; sourceTree = "<group>"; };
		183684F793A8CF0022C2145E /* Pods-planit v0.2Tests.debug.xcconfig */ = {isa = PBXFileReference; includeInIndex = 1; lastKnownFileType = text.xcconfig; name = "Pods-planit v0.2Tests.debug.xcconfig"; path = "Pods/Target Support Files/Pods-planit v0.2Tests/Pods-planit v0.2Tests.debug.xcconfig"; sourceTree = "<group>"; };
		7CF87F683795222884A322CE /* Pods-planit v0.2UITests.debug.xcconfig */ = {isa = PBXFileReference; includeInIndex = 1; lastKnownFileType = text.xcconfig; name = "Pods-planit v0.2UITests.debug.xcconfig"; path = "Pods/Target Support Files/Pods-planit v0.2UITests/Pods-planit v0.2UITests.debug.xcconfig"; sourceTree = "<group>"; };
		81A95C40AC4ED87921A183FF /* Pods-planit v0.2.debug.xcconfig */ = {isa = PBXFileReference; includeInIndex = 1; lastKnownFileType = text.xcconfig; name = "Pods-planit v0.2.debug.xcconfig"; path = "Pods/Target Support Files/Pods-planit v0.2/Pods-planit v0.2.debug.xcconfig"; sourceTree = "<group>"; };
		92CC22ADBD7E4A43109711B5 /* Pods-planit v0.2Tests.release.xcconfig */ = {isa = PBXFileReference; includeInIndex = 1; lastKnownFileType = text.xcconfig; name = "Pods-planit v0.2Tests.release.xcconfig"; path = "Pods/Target Support Files/Pods-planit v0.2Tests/Pods-planit v0.2Tests.release.xcconfig"; sourceTree = "<group>"; };
		BA83D88C34C8633D819ABD13 /* Pods-planit v0.2.release.xcconfig */ = {isa = PBXFileReference; includeInIndex = 1; lastKnownFileType = text.xcconfig; name = "Pods-planit v0.2.release.xcconfig"; path = "Pods/Target Support Files/Pods-planit v0.2/Pods-planit v0.2.release.xcconfig"; sourceTree = "<group>"; };
		ED4A2134146D2128C7538337 /* Pods_planit_v0_2UITests.framework */ = {isa = PBXFileReference; explicitFileType = wrapper.framework; includeInIndex = 0; path = Pods_planit_v0_2UITests.framework; sourceTree = BUILT_PRODUCTS_DIR; };
		FA09A3E91EB110A6007F64A3 /* ToDoViewController.swift */ = {isa = PBXFileReference; fileEncoding = 4; lastKnownFileType = sourcecode.swift; path = ToDoViewController.swift; sourceTree = "<group>"; };
		FA09A3EB1EB23694007F64A3 /* ToDoCardContentView.xib */ = {isa = PBXFileReference; fileEncoding = 4; lastKnownFileType = file.xib; path = ToDoCardContentView.xib; sourceTree = "<group>"; };
		FA09A3EC1EB23694007F64A3 /* ToDoCardView.swift */ = {isa = PBXFileReference; fileEncoding = 4; lastKnownFileType = sourcecode.swift; path = ToDoCardView.swift; sourceTree = "<group>"; };
		FA09A3EF1EB23893007F64A3 /* CardContentView.xib */ = {isa = PBXFileReference; fileEncoding = 4; lastKnownFileType = file.xib; path = CardContentView.xib; sourceTree = "<group>"; };
		FA09A3F01EB23894007F64A3 /* CardView.swift */ = {isa = PBXFileReference; fileEncoding = 4; lastKnownFileType = sourcecode.swift; path = CardView.swift; sourceTree = "<group>"; };
		FA187E441E37005200971D47 /* messageComposer.swift */ = {isa = PBXFileReference; fileEncoding = 4; lastKnownFileType = sourcecode.swift; path = messageComposer.swift; sourceTree = "<group>"; };
		FA2CFC091E3E57A200527405 /* UnbookedTripSummaryViewController.swift */ = {isa = PBXFileReference; fileEncoding = 4; lastKnownFileType = sourcecode.swift; path = UnbookedTripSummaryViewController.swift; sourceTree = "<group>"; };
		FA35EF301EA5506D0029E462 /* HotelPreferencesViewController.swift */ = {isa = PBXFileReference; fileEncoding = 4; lastKnownFileType = sourcecode.swift; path = HotelPreferencesViewController.swift; sourceTree = "<group>"; };
		FA4E922A1E3526DD00231C72 /* API.swift */ = {isa = PBXFileReference; fileEncoding = 4; lastKnownFileType = sourcecode.swift; path = API.swift; sourceTree = "<group>"; };
		FA5F13AA1EB92E310003A992 /* amenityTableViewCell.swift */ = {isa = PBXFileReference; fileEncoding = 4; lastKnownFileType = sourcecode.swift; path = amenityTableViewCell.swift; sourceTree = "<group>"; };
		FAA8F21F1E35194100CD7337 /* planit v0.2.app */ = {isa = PBXFileReference; explicitFileType = wrapper.application; includeInIndex = 0; path = "planit v0.2.app"; sourceTree = BUILT_PRODUCTS_DIR; };
		FAA8F2221E35194100CD7337 /* AppDelegate.swift */ = {isa = PBXFileReference; lastKnownFileType = sourcecode.swift; path = AppDelegate.swift; sourceTree = "<group>"; };
		FAA8F2291E35194100CD7337 /* Assets.xcassets */ = {isa = PBXFileReference; lastKnownFileType = folder.assetcatalog; path = Assets.xcassets; sourceTree = "<group>"; };
		FAA8F22E1E35194100CD7337 /* Info.plist */ = {isa = PBXFileReference; lastKnownFileType = text.plist.xml; path = Info.plist; sourceTree = "<group>"; };
		FAA8F2331E35194100CD7337 /* planit v0.2Tests.xctest */ = {isa = PBXFileReference; explicitFileType = wrapper.cfbundle; includeInIndex = 0; path = "planit v0.2Tests.xctest"; sourceTree = BUILT_PRODUCTS_DIR; };
		FAA8F2371E35194100CD7337 /* planit_v0_2Tests.swift */ = {isa = PBXFileReference; lastKnownFileType = sourcecode.swift; path = planit_v0_2Tests.swift; sourceTree = "<group>"; };
		FAA8F2391E35194100CD7337 /* Info.plist */ = {isa = PBXFileReference; lastKnownFileType = text.plist.xml; path = Info.plist; sourceTree = "<group>"; };
		FAA8F23E1E35194100CD7337 /* planit v0.2UITests.xctest */ = {isa = PBXFileReference; explicitFileType = wrapper.cfbundle; includeInIndex = 0; path = "planit v0.2UITests.xctest"; sourceTree = BUILT_PRODUCTS_DIR; };
		FAA8F2421E35194100CD7337 /* planit_v0_2UITests.swift */ = {isa = PBXFileReference; lastKnownFileType = sourcecode.swift; path = planit_v0_2UITests.swift; sourceTree = "<group>"; };
		FAA8F2441E35194100CD7337 /* Info.plist */ = {isa = PBXFileReference; lastKnownFileType = text.plist.xml; path = Info.plist; sourceTree = "<group>"; };
		FAA8F2511E351A2700CD7337 /* Base */ = {isa = PBXFileReference; lastKnownFileType = file.storyboard; name = Base; path = Base.lproj/LaunchScreen.storyboard; sourceTree = "<group>"; };
		FAA8F2531E351A2700CD7337 /* Base */ = {isa = PBXFileReference; lastKnownFileType = file.storyboard; name = Base; path = Base.lproj/Main.storyboard; sourceTree = "<group>"; };
		FAA8F2581E351B9500CD7337 /* ActivitiesViewController.swift */ = {isa = PBXFileReference; fileEncoding = 4; lastKnownFileType = sourcecode.swift; path = ActivitiesViewController.swift; sourceTree = "<group>"; };
		FAA8F2591E351B9500CD7337 /* BirthdayGenderViewController.swift */ = {isa = PBXFileReference; fileEncoding = 4; lastKnownFileType = sourcecode.swift; path = BirthdayGenderViewController.swift; sourceTree = "<group>"; };
		FAA8F25A1E351B9500CD7337 /* BudgetViewController.swift */ = {isa = PBXFileReference; fileEncoding = 4; lastKnownFileType = sourcecode.swift; path = BudgetViewController.swift; sourceTree = "<group>"; };
		FAA8F25C1E351B9500CD7337 /* EmailViewController.swift */ = {isa = PBXFileReference; fileEncoding = 4; lastKnownFileType = sourcecode.swift; path = EmailViewController.swift; sourceTree = "<group>"; };
		FAA8F25D1E351B9500CD7337 /* HomeAirportViewController.swift */ = {isa = PBXFileReference; fileEncoding = 4; lastKnownFileType = sourcecode.swift; path = HomeAirportViewController.swift; sourceTree = "<group>"; };
		FAA8F25E1E351B9500CD7337 /* InstructionsViewController.swift */ = {isa = PBXFileReference; fileEncoding = 4; lastKnownFileType = sourcecode.swift; path = InstructionsViewController.swift; sourceTree = "<group>"; };
		FAA8F25F1E351B9500CD7337 /* InternationalViewController.swift */ = {isa = PBXFileReference; fileEncoding = 4; lastKnownFileType = sourcecode.swift; path = InternationalViewController.swift; sourceTree = "<group>"; };
		FAA8F2601E351B9500CD7337 /* NewTripNameViewController.swift */ = {isa = PBXFileReference; fileEncoding = 4; lastKnownFileType = sourcecode.swift; path = NewTripNameViewController.swift; sourceTree = "<group>"; };
		FAA8F2611E351B9500CD7337 /* PasswordViewController.swift */ = {isa = PBXFileReference; fileEncoding = 4; lastKnownFileType = sourcecode.swift; path = PasswordViewController.swift; sourceTree = "<group>"; };
		FAA8F2621E351B9500CD7337 /* RankingViewController.swift */ = {isa = PBXFileReference; fileEncoding = 4; lastKnownFileType = sourcecode.swift; path = RankingViewController.swift; sourceTree = "<group>"; };
		FAA8F2641E351B9500CD7337 /* ReviewAndBookViewController.swift */ = {isa = PBXFileReference; fileEncoding = 4; lastKnownFileType = sourcecode.swift; path = ReviewAndBookViewController.swift; sourceTree = "<group>"; };
		FAA8F2651E351B9500CD7337 /* SettingsViewController.swift */ = {isa = PBXFileReference; fileEncoding = 4; lastKnownFileType = sourcecode.swift; path = SettingsViewController.swift; sourceTree = "<group>"; };
		FAA8F2661E351B9500CD7337 /* SuggestDestinationViewController.swift */ = {isa = PBXFileReference; fileEncoding = 4; lastKnownFileType = sourcecode.swift; path = SuggestDestinationViewController.swift; sourceTree = "<group>"; };
		FAA8F2671E351B9500CD7337 /* TripListViewController.swift */ = {isa = PBXFileReference; fileEncoding = 4; lastKnownFileType = sourcecode.swift; path = TripListViewController.swift; sourceTree = "<group>"; };
		FAA8F2821E351D8D00CD7337 /* DataContainerSingleton.swift */ = {isa = PBXFileReference; fileEncoding = 4; lastKnownFileType = sourcecode.swift; path = DataContainerSingleton.swift; sourceTree = "<group>"; };
		FAA8F2841E351DA300CD7337 /* CreateNewUser.graphql */ = {isa = PBXFileReference; fileEncoding = 4; lastKnownFileType = text; path = CreateNewUser.graphql; sourceTree = "<group>"; };
		FAA8F2861E351DAC00CD7337 /* GetTrip.graphql */ = {isa = PBXFileReference; fileEncoding = 4; lastKnownFileType = text; path = GetTrip.graphql; sourceTree = "<group>"; };
		FAA8F2881E351DBF00CD7337 /* CellView.swift */ = {isa = PBXFileReference; fileEncoding = 4; lastKnownFileType = sourcecode.swift; path = CellView.swift; sourceTree = "<group>"; };
		FAA8F2891E351DBF00CD7337 /* CellView.xib */ = {isa = PBXFileReference; fileEncoding = 4; lastKnownFileType = file.xib; path = CellView.xib; sourceTree = "<group>"; };
		FAA8F28A1E351DBF00CD7337 /* monthHeaderView.swift */ = {isa = PBXFileReference; fileEncoding = 4; lastKnownFileType = sourcecode.swift; path = monthHeaderView.swift; sourceTree = "<group>"; };
		FAA8F28B1E351DBF00CD7337 /* monthHeaderView.xib */ = {isa = PBXFileReference; fileEncoding = 4; lastKnownFileType = file.xib; path = monthHeaderView.xib; sourceTree = "<group>"; };
		FAA8F2901E351DCD00CD7337 /* ActivitiesCollectionViewCell.swift */ = {isa = PBXFileReference; fileEncoding = 4; lastKnownFileType = sourcecode.swift; path = ActivitiesCollectionViewCell.swift; sourceTree = "<group>"; };
		FAA8F2911E351DCD00CD7337 /* ActivityItem.swift */ = {isa = PBXFileReference; fileEncoding = 4; lastKnownFileType = sourcecode.swift; path = ActivityItem.swift; sourceTree = "<group>"; };
		FAA8F2921E351DCD00CD7337 /* contactsCollectionViewCell.swift */ = {isa = PBXFileReference; fileEncoding = 4; lastKnownFileType = sourcecode.swift; path = contactsCollectionViewCell.swift; sourceTree = "<group>"; };
		FAA8F2961E351DDE00CD7337 /* contactsTableViewCell.swift */ = {isa = PBXFileReference; fileEncoding = 4; lastKnownFileType = sourcecode.swift; path = contactsTableViewCell.swift; sourceTree = "<group>"; };
		FAA8F2971E351DDE00CD7337 /* ExistingTripTableViewCell.swift */ = {isa = PBXFileReference; fileEncoding = 4; lastKnownFileType = sourcecode.swift; path = ExistingTripTableViewCell.swift; sourceTree = "<group>"; };
		FAA8F2981E351DDE00CD7337 /* itemizedItineraryTableViewCell.swift */ = {isa = PBXFileReference; fileEncoding = 4; lastKnownFileType = sourcecode.swift; path = itemizedItineraryTableViewCell.swift; sourceTree = "<group>"; };
		FAA8F2991E351DDE00CD7337 /* rankedRecommendationsTableViewCell.swift */ = {isa = PBXFileReference; fileEncoding = 4; lastKnownFileType = sourcecode.swift; path = rankedRecommendationsTableViewCell.swift; sourceTree = "<group>"; };
		FAA8F29A1E351DDE00CD7337 /* timeOfDayTableViewCell.swift */ = {isa = PBXFileReference; fileEncoding = 4; lastKnownFileType = sourcecode.swift; path = timeOfDayTableViewCell.swift; sourceTree = "<group>"; };
		FAA8F2A01E351DEB00CD7337 /* items.plist */ = {isa = PBXFileReference; fileEncoding = 4; lastKnownFileType = text.plist.xml; path = items.plist; sourceTree = "<group>"; };
		FAC1BD2A1EAE7707008AB7C4 /* Direction.swift */ = {isa = PBXFileReference; fileEncoding = 4; lastKnownFileType = sourcecode.swift; path = Direction.swift; sourceTree = "<group>"; };
		FAC1BD2B1EAE7707008AB7C4 /* Scheduler.swift */ = {isa = PBXFileReference; fileEncoding = 4; lastKnownFileType = sourcecode.swift; path = Scheduler.swift; sourceTree = "<group>"; };
		FAC1BD2C1EAE7707008AB7C4 /* ViewManager.swift */ = {isa = PBXFileReference; fileEncoding = 4; lastKnownFileType = sourcecode.swift; path = ViewManager.swift; sourceTree = "<group>"; };
		FAC1BD2D1EAE7707008AB7C4 /* ZLSwipeableView.swift */ = {isa = PBXFileReference; fileEncoding = 4; lastKnownFileType = sourcecode.swift; path = ZLSwipeableView.swift; sourceTree = "<group>"; };
		FF99F8DC1EC030B0E3C827B0 /* Pods_planit_v0_2Tests.framework */ = {isa = PBXFileReference; explicitFileType = wrapper.framework; includeInIndex = 0; path = Pods_planit_v0_2Tests.framework; sourceTree = BUILT_PRODUCTS_DIR; };
/* End PBXFileReference section */

/* Begin PBXFrameworksBuildPhase section */
		FAA8F21C1E35194100CD7337 /* Frameworks */ = {
			isa = PBXFrameworksBuildPhase;
			buildActionMask = 2147483647;
			files = (
				191BF7D83FF5218C958D0EDB /* Pods_planit_v0_2.framework in Frameworks */,
			);
			runOnlyForDeploymentPostprocessing = 0;
		};
		FAA8F2301E35194100CD7337 /* Frameworks */ = {
			isa = PBXFrameworksBuildPhase;
			buildActionMask = 2147483647;
			files = (
				AF4CFEF2E9465786DE56CC42 /* Pods_planit_v0_2Tests.framework in Frameworks */,
			);
			runOnlyForDeploymentPostprocessing = 0;
		};
		FAA8F23B1E35194100CD7337 /* Frameworks */ = {
			isa = PBXFrameworksBuildPhase;
			buildActionMask = 2147483647;
			files = (
				0E56F87588995FCD281C4EE6 /* Pods_planit_v0_2UITests.framework in Frameworks */,
			);
			runOnlyForDeploymentPostprocessing = 0;
		};
/* End PBXFrameworksBuildPhase section */

/* Begin PBXGroup section */
		3CD986F1F2C1F9D74FFB1B31 /* Frameworks */ = {
			isa = PBXGroup;
			children = (
				04C09738698217841A11CBDB /* Pods_planit_v0_2.framework */,
				FF99F8DC1EC030B0E3C827B0 /* Pods_planit_v0_2Tests.framework */,
				ED4A2134146D2128C7538337 /* Pods_planit_v0_2UITests.framework */,
			);
			name = Frameworks;
			sourceTree = "<group>";
		};
		540DCC2407D4DD77F2AD2845 /* Pods */ = {
			isa = PBXGroup;
			children = (
				81A95C40AC4ED87921A183FF /* Pods-planit v0.2.debug.xcconfig */,
				BA83D88C34C8633D819ABD13 /* Pods-planit v0.2.release.xcconfig */,
				183684F793A8CF0022C2145E /* Pods-planit v0.2Tests.debug.xcconfig */,
				92CC22ADBD7E4A43109711B5 /* Pods-planit v0.2Tests.release.xcconfig */,
				7CF87F683795222884A322CE /* Pods-planit v0.2UITests.debug.xcconfig */,
				107E1EEE1E84BDF1E9696603 /* Pods-planit v0.2UITests.release.xcconfig */,
			);
			name = Pods;
			sourceTree = "<group>";
		};
		FA187E431E37003600971D47 /* Message */ = {
			isa = PBXGroup;
			children = (
				FA187E441E37005200971D47 /* messageComposer.swift */,
			);
			name = Message;
			sourceTree = "<group>";
		};
		FAA8F2161E35194100CD7337 = {
			isa = PBXGroup;
			children = (
				FAA8F2211E35194100CD7337 /* planit v0.2 */,
				FAA8F2361E35194100CD7337 /* planit v0.2Tests */,
				FAA8F2411E35194100CD7337 /* planit v0.2UITests */,
				FAA8F2201E35194100CD7337 /* Products */,
				540DCC2407D4DD77F2AD2845 /* Pods */,
				3CD986F1F2C1F9D74FFB1B31 /* Frameworks */,
			);
			sourceTree = "<group>";
		};
		FAA8F2201E35194100CD7337 /* Products */ = {
			isa = PBXGroup;
			children = (
				FAA8F21F1E35194100CD7337 /* planit v0.2.app */,
				FAA8F2331E35194100CD7337 /* planit v0.2Tests.xctest */,
				FAA8F23E1E35194100CD7337 /* planit v0.2UITests.xctest */,
			);
			name = Products;
			sourceTree = "<group>";
		};
		FAA8F2211E35194100CD7337 /* planit v0.2 */ = {
			isa = PBXGroup;
			children = (
				FAC1BD1B1EAE4D4C008AB7C4 /* Swiping View */,
				FA187E431E37003600971D47 /* Message */,
				FAA8F2A31E3521BC00CD7337 /* API */,
				FAA8F2811E351C8A00CD7337 /* Data Models */,
				FAA8F27E1E351C3C00CD7337 /* GraphQL */,
				FAA8F27D1E351C1600CD7337 /* Calendar View */,
				FAA8F27C1E351C0F00CD7337 /* Collection View */,
				FAA8F27B1E351C0100CD7337 /* Table View */,
				FAA8F27A1E351BEA00CD7337 /* Property Lists */,
				FAA8F2791E351BDF00CD7337 /* Assets */,
				FAA8F2781E351BD400CD7337 /* App Delegate */,
				FAA8F2571E351ABB00CD7337 /* Storyboards */,
				FAA8F2561E351AB100CD7337 /* View Controllers */,
			);
			path = "planit v0.2";
			sourceTree = "<group>";
		};
		FAA8F2361E35194100CD7337 /* planit v0.2Tests */ = {
			isa = PBXGroup;
			children = (
				FAA8F2371E35194100CD7337 /* planit_v0_2Tests.swift */,
				FAA8F2391E35194100CD7337 /* Info.plist */,
			);
			path = "planit v0.2Tests";
			sourceTree = "<group>";
		};
		FAA8F2411E35194100CD7337 /* planit v0.2UITests */ = {
			isa = PBXGroup;
			children = (
				FAA8F2421E35194100CD7337 /* planit_v0_2UITests.swift */,
				FAA8F2441E35194100CD7337 /* Info.plist */,
			);
			path = "planit v0.2UITests";
			sourceTree = "<group>";
		};
		FAA8F2561E351AB100CD7337 /* View Controllers */ = {
			isa = PBXGroup;
			children = (
				FAA8F2651E351B9500CD7337 /* SettingsViewController.swift */,
				FA2CFC091E3E57A200527405 /* UnbookedTripSummaryViewController.swift */,
				FAA8F2671E351B9500CD7337 /* TripListViewController.swift */,
				FAA8F2601E351B9500CD7337 /* NewTripNameViewController.swift */,
				FAA8F2621E351B9500CD7337 /* RankingViewController.swift */,
				FA09A3E91EB110A6007F64A3 /* ToDoViewController.swift */,
				FA35EF301EA5506D0029E462 /* HotelPreferencesViewController.swift */,
				FAA8F2661E351B9500CD7337 /* SuggestDestinationViewController.swift */,
				FAA8F2641E351B9500CD7337 /* ReviewAndBookViewController.swift */,
				FAAE62611E3A423200A2A6B7 /* View Controllers (unused) */,
			);
			name = "View Controllers";
			sourceTree = "<group>";
		};
		FAA8F2571E351ABB00CD7337 /* Storyboards */ = {
			isa = PBXGroup;
			children = (
				FAA8F2501E351A2700CD7337 /* LaunchScreen.storyboard */,
				FAA8F2521E351A2700CD7337 /* Main.storyboard */,
			);
			name = Storyboards;
			sourceTree = "<group>";
		};
		FAA8F2781E351BD400CD7337 /* App Delegate */ = {
			isa = PBXGroup;
			children = (
				FAA8F2221E35194100CD7337 /* AppDelegate.swift */,
			);
			name = "App Delegate";
			sourceTree = "<group>";
		};
		FAA8F2791E351BDF00CD7337 /* Assets */ = {
			isa = PBXGroup;
			children = (
				FAA8F2291E35194100CD7337 /* Assets.xcassets */,
			);
			name = Assets;
			sourceTree = "<group>";
		};
		FAA8F27A1E351BEA00CD7337 /* Property Lists */ = {
			isa = PBXGroup;
			children = (
				FAA8F2A01E351DEB00CD7337 /* items.plist */,
				FAA8F22E1E35194100CD7337 /* Info.plist */,
			);
			name = "Property Lists";
			sourceTree = "<group>";
		};
		FAA8F27B1E351C0100CD7337 /* Table View */ = {
			isa = PBXGroup;
			children = (
				FAA8F2961E351DDE00CD7337 /* contactsTableViewCell.swift */,
				FAA8F2971E351DDE00CD7337 /* ExistingTripTableViewCell.swift */,
				FAA8F2981E351DDE00CD7337 /* itemizedItineraryTableViewCell.swift */,
				FAA8F2991E351DDE00CD7337 /* rankedRecommendationsTableViewCell.swift */,
				FAA8F29A1E351DDE00CD7337 /* timeOfDayTableViewCell.swift */,
				FA5F13AA1EB92E310003A992 /* amenityTableViewCell.swift */,
			);
			name = "Table View";
			sourceTree = "<group>";
		};
		FAA8F27C1E351C0F00CD7337 /* Collection View */ = {
			isa = PBXGroup;
			children = (
				FAA8F2901E351DCD00CD7337 /* ActivitiesCollectionViewCell.swift */,
				FAA8F2911E351DCD00CD7337 /* ActivityItem.swift */,
				FAA8F2921E351DCD00CD7337 /* contactsCollectionViewCell.swift */,
			);
			name = "Collection View";
			sourceTree = "<group>";
		};
		FAA8F27D1E351C1600CD7337 /* Calendar View */ = {
			isa = PBXGroup;
			children = (
				FAA8F2881E351DBF00CD7337 /* CellView.swift */,
				FAA8F2891E351DBF00CD7337 /* CellView.xib */,
				FAA8F28A1E351DBF00CD7337 /* monthHeaderView.swift */,
				FAA8F28B1E351DBF00CD7337 /* monthHeaderView.xib */,
			);
			name = "Calendar View";
			sourceTree = "<group>";
		};
		FAA8F27E1E351C3C00CD7337 /* GraphQL */ = {
			isa = PBXGroup;
			children = (
				FAA8F2801E351C5200CD7337 /* Mutations */,
				FAA8F27F1E351C4A00CD7337 /* Queries */,
			);
			name = GraphQL;
			sourceTree = "<group>";
		};
		FAA8F27F1E351C4A00CD7337 /* Queries */ = {
			isa = PBXGroup;
			children = (
				FAA8F2861E351DAC00CD7337 /* GetTrip.graphql */,
			);
			name = Queries;
			sourceTree = "<group>";
		};
		FAA8F2801E351C5200CD7337 /* Mutations */ = {
			isa = PBXGroup;
			children = (
				FAA8F2841E351DA300CD7337 /* CreateNewUser.graphql */,
			);
			name = Mutations;
			sourceTree = "<group>";
		};
		FAA8F2811E351C8A00CD7337 /* Data Models */ = {
			isa = PBXGroup;
			children = (
				FAA8F2821E351D8D00CD7337 /* DataContainerSingleton.swift */,
			);
			name = "Data Models";
			sourceTree = "<group>";
		};
		FAA8F2A31E3521BC00CD7337 /* API */ = {
			isa = PBXGroup;
			children = (
				FA4E922A1E3526DD00231C72 /* API.swift */,
			);
			name = API;
			sourceTree = "<group>";
		};
		FAAE62611E3A423200A2A6B7 /* View Controllers (unused) */ = {
			isa = PBXGroup;
			children = (
				FAA8F25A1E351B9500CD7337 /* BudgetViewController.swift */,
				FAA8F2581E351B9500CD7337 /* ActivitiesViewController.swift */,
				FAA8F2591E351B9500CD7337 /* BirthdayGenderViewController.swift */,
				FAA8F25C1E351B9500CD7337 /* EmailViewController.swift */,
				FAA8F25D1E351B9500CD7337 /* HomeAirportViewController.swift */,
				FAA8F25E1E351B9500CD7337 /* InstructionsViewController.swift */,
				FAA8F25F1E351B9500CD7337 /* InternationalViewController.swift */,
				FAA8F2611E351B9500CD7337 /* PasswordViewController.swift */,
			);
			name = "View Controllers (unused)";
			sourceTree = "<group>";
		};
		FAC1BD1B1EAE4D4C008AB7C4 /* Swiping View */ = {
			isa = PBXGroup;
			children = (
				FA09A3EF1EB23893007F64A3 /* CardContentView.xib */,
				FA09A3F01EB23894007F64A3 /* CardView.swift */,
				FA09A3EB1EB23694007F64A3 /* ToDoCardContentView.xib */,
				FA09A3EC1EB23694007F64A3 /* ToDoCardView.swift */,
				FAC1BD2A1EAE7707008AB7C4 /* Direction.swift */,
				FAC1BD2B1EAE7707008AB7C4 /* Scheduler.swift */,
				FAC1BD2C1EAE7707008AB7C4 /* ViewManager.swift */,
				FAC1BD2D1EAE7707008AB7C4 /* ZLSwipeableView.swift */,
			);
			name = "Swiping View";
			sourceTree = "<group>";
		};
/* End PBXGroup section */

/* Begin PBXNativeTarget section */
		FAA8F21E1E35194100CD7337 /* planit v0.2 */ = {
			isa = PBXNativeTarget;
			buildConfigurationList = FAA8F2471E35194100CD7337 /* Build configuration list for PBXNativeTarget "planit v0.2" */;
			buildPhases = (
				9192FA000B007F2EC07B07B5 /* [CP] Check Pods Manifest.lock */,
				FA4E92271E3522BA00231C72 /* Generate Apollo GraphQL API */,
				FAA8F21B1E35194100CD7337 /* Sources */,
				FAA8F21C1E35194100CD7337 /* Frameworks */,
				FAA8F21D1E35194100CD7337 /* Resources */,
				BC050347A791CCA0C3893211 /* [CP] Embed Pods Frameworks */,
				AD83F8634F0D17F26DF750FD /* [CP] Copy Pods Resources */,
			);
			buildRules = (
			);
			dependencies = (
			);
			name = "planit v0.2";
			productName = "planit v0.2";
			productReference = FAA8F21F1E35194100CD7337 /* planit v0.2.app */;
			productType = "com.apple.product-type.application";
		};
		FAA8F2321E35194100CD7337 /* planit v0.2Tests */ = {
			isa = PBXNativeTarget;
			buildConfigurationList = FAA8F24A1E35194100CD7337 /* Build configuration list for PBXNativeTarget "planit v0.2Tests" */;
			buildPhases = (
				62E6B14503CA10D9F96C0021 /* [CP] Check Pods Manifest.lock */,
				FAA8F22F1E35194100CD7337 /* Sources */,
				FAA8F2301E35194100CD7337 /* Frameworks */,
				FAA8F2311E35194100CD7337 /* Resources */,
				A8CBF39407CBD72122A8D9EC /* [CP] Embed Pods Frameworks */,
				C0505AF59EA94D8378867A92 /* [CP] Copy Pods Resources */,
			);
			buildRules = (
			);
			dependencies = (
				FAA8F2351E35194100CD7337 /* PBXTargetDependency */,
			);
			name = "planit v0.2Tests";
			productName = "planit v0.2Tests";
			productReference = FAA8F2331E35194100CD7337 /* planit v0.2Tests.xctest */;
			productType = "com.apple.product-type.bundle.unit-test";
		};
		FAA8F23D1E35194100CD7337 /* planit v0.2UITests */ = {
			isa = PBXNativeTarget;
			buildConfigurationList = FAA8F24D1E35194100CD7337 /* Build configuration list for PBXNativeTarget "planit v0.2UITests" */;
			buildPhases = (
				C0FEA9315CFF278426C785C0 /* [CP] Check Pods Manifest.lock */,
				FAA8F23A1E35194100CD7337 /* Sources */,
				FAA8F23B1E35194100CD7337 /* Frameworks */,
				FAA8F23C1E35194100CD7337 /* Resources */,
				8D3F7EE5DB98DEC7BBE4432B /* [CP] Embed Pods Frameworks */,
				715A8707C78B081ACB70CEB0 /* [CP] Copy Pods Resources */,
			);
			buildRules = (
			);
			dependencies = (
				FAA8F2401E35194100CD7337 /* PBXTargetDependency */,
			);
			name = "planit v0.2UITests";
			productName = "planit v0.2UITests";
			productReference = FAA8F23E1E35194100CD7337 /* planit v0.2UITests.xctest */;
			productType = "com.apple.product-type.bundle.ui-testing";
		};
/* End PBXNativeTarget section */

/* Begin PBXProject section */
		FAA8F2171E35194100CD7337 /* Project object */ = {
			isa = PBXProject;
			attributes = {
				LastSwiftUpdateCheck = 0820;
				LastUpgradeCheck = 0820;
				ORGANIZATIONNAME = "MICHAEL WURM";
				TargetAttributes = {
					FAA8F21E1E35194100CD7337 = {
						CreatedOnToolsVersion = 8.2.1;
						DevelopmentTeam = ATC5M6XDB6;
						ProvisioningStyle = Automatic;
					};
					FAA8F2321E35194100CD7337 = {
						CreatedOnToolsVersion = 8.2.1;
						ProvisioningStyle = Automatic;
						TestTargetID = FAA8F21E1E35194100CD7337;
					};
					FAA8F23D1E35194100CD7337 = {
						CreatedOnToolsVersion = 8.2.1;
						ProvisioningStyle = Automatic;
						TestTargetID = FAA8F21E1E35194100CD7337;
					};
				};
			};
			buildConfigurationList = FAA8F21A1E35194100CD7337 /* Build configuration list for PBXProject "planit v0.2" */;
			compatibilityVersion = "Xcode 3.2";
			developmentRegion = English;
			hasScannedForEncodings = 0;
			knownRegions = (
				en,
				Base,
			);
			mainGroup = FAA8F2161E35194100CD7337;
			productRefGroup = FAA8F2201E35194100CD7337 /* Products */;
			projectDirPath = "";
			projectRoot = "";
			targets = (
				FAA8F21E1E35194100CD7337 /* planit v0.2 */,
				FAA8F2321E35194100CD7337 /* planit v0.2Tests */,
				FAA8F23D1E35194100CD7337 /* planit v0.2UITests */,
			);
		};
/* End PBXProject section */

/* Begin PBXResourcesBuildPhase section */
		FAA8F21D1E35194100CD7337 /* Resources */ = {
			isa = PBXResourcesBuildPhase;
			buildActionMask = 2147483647;
			files = (
				FAA8F2551E351A2700CD7337 /* Main.storyboard in Resources */,
				FAA8F22A1E35194100CD7337 /* Assets.xcassets in Resources */,
				FAA8F2541E351A2700CD7337 /* LaunchScreen.storyboard in Resources */,
				FA09A3ED1EB23694007F64A3 /* ToDoCardContentView.xib in Resources */,
				FAA8F2851E351DA300CD7337 /* CreateNewUser.graphql in Resources */,
				FAA8F28F1E351DBF00CD7337 /* monthHeaderView.xib in Resources */,
				FA09A3F11EB23894007F64A3 /* CardContentView.xib in Resources */,
				FAA8F28D1E351DBF00CD7337 /* CellView.xib in Resources */,
				FAA8F2871E351DAC00CD7337 /* GetTrip.graphql in Resources */,
				FAA8F2A11E351DEB00CD7337 /* items.plist in Resources */,
			);
			runOnlyForDeploymentPostprocessing = 0;
		};
		FAA8F2311E35194100CD7337 /* Resources */ = {
			isa = PBXResourcesBuildPhase;
			buildActionMask = 2147483647;
			files = (
			);
			runOnlyForDeploymentPostprocessing = 0;
		};
		FAA8F23C1E35194100CD7337 /* Resources */ = {
			isa = PBXResourcesBuildPhase;
			buildActionMask = 2147483647;
			files = (
			);
			runOnlyForDeploymentPostprocessing = 0;
		};
/* End PBXResourcesBuildPhase section */

/* Begin PBXShellScriptBuildPhase section */
		62E6B14503CA10D9F96C0021 /* [CP] Check Pods Manifest.lock */ = {
			isa = PBXShellScriptBuildPhase;
			buildActionMask = 2147483647;
			files = (
			);
			inputPaths = (
			);
			name = "[CP] Check Pods Manifest.lock";
			outputPaths = (
			);
			runOnlyForDeploymentPostprocessing = 0;
			shellPath = /bin/sh;
			shellScript = "diff \"${PODS_ROOT}/../Podfile.lock\" \"${PODS_ROOT}/Manifest.lock\" > /dev/null\nif [ $? != 0 ] ; then\n    # print error to STDERR\n    echo \"error: The sandbox is not in sync with the Podfile.lock. Run 'pod install' or update your CocoaPods installation.\" >&2\n    exit 1\nfi\n";
			showEnvVarsInLog = 0;
		};
		715A8707C78B081ACB70CEB0 /* [CP] Copy Pods Resources */ = {
			isa = PBXShellScriptBuildPhase;
			buildActionMask = 2147483647;
			files = (
			);
			inputPaths = (
			);
			name = "[CP] Copy Pods Resources";
			outputPaths = (
			);
			runOnlyForDeploymentPostprocessing = 0;
			shellPath = /bin/sh;
			shellScript = "\"${SRCROOT}/Pods/Target Support Files/Pods-planit v0.2UITests/Pods-planit v0.2UITests-resources.sh\"\n";
			showEnvVarsInLog = 0;
		};
		8D3F7EE5DB98DEC7BBE4432B /* [CP] Embed Pods Frameworks */ = {
			isa = PBXShellScriptBuildPhase;
			buildActionMask = 2147483647;
			files = (
			);
			inputPaths = (
			);
			name = "[CP] Embed Pods Frameworks";
			outputPaths = (
			);
			runOnlyForDeploymentPostprocessing = 0;
			shellPath = /bin/sh;
			shellScript = "\"${SRCROOT}/Pods/Target Support Files/Pods-planit v0.2UITests/Pods-planit v0.2UITests-frameworks.sh\"\n";
			showEnvVarsInLog = 0;
		};
		9192FA000B007F2EC07B07B5 /* [CP] Check Pods Manifest.lock */ = {
			isa = PBXShellScriptBuildPhase;
			buildActionMask = 2147483647;
			files = (
			);
			inputPaths = (
			);
			name = "[CP] Check Pods Manifest.lock";
			outputPaths = (
			);
			runOnlyForDeploymentPostprocessing = 0;
			shellPath = /bin/sh;
			shellScript = "diff \"${PODS_ROOT}/../Podfile.lock\" \"${PODS_ROOT}/Manifest.lock\" > /dev/null\nif [ $? != 0 ] ; then\n    # print error to STDERR\n    echo \"error: The sandbox is not in sync with the Podfile.lock. Run 'pod install' or update your CocoaPods installation.\" >&2\n    exit 1\nfi\n";
			showEnvVarsInLog = 0;
		};
		A8CBF39407CBD72122A8D9EC /* [CP] Embed Pods Frameworks */ = {
			isa = PBXShellScriptBuildPhase;
			buildActionMask = 2147483647;
			files = (
			);
			inputPaths = (
			);
			name = "[CP] Embed Pods Frameworks";
			outputPaths = (
			);
			runOnlyForDeploymentPostprocessing = 0;
			shellPath = /bin/sh;
			shellScript = "\"${SRCROOT}/Pods/Target Support Files/Pods-planit v0.2Tests/Pods-planit v0.2Tests-frameworks.sh\"\n";
			showEnvVarsInLog = 0;
		};
		AD83F8634F0D17F26DF750FD /* [CP] Copy Pods Resources */ = {
			isa = PBXShellScriptBuildPhase;
			buildActionMask = 2147483647;
			files = (
			);
			inputPaths = (
			);
			name = "[CP] Copy Pods Resources";
			outputPaths = (
			);
			runOnlyForDeploymentPostprocessing = 0;
			shellPath = /bin/sh;
			shellScript = "\"${SRCROOT}/Pods/Target Support Files/Pods-planit v0.2/Pods-planit v0.2-resources.sh\"\n";
			showEnvVarsInLog = 0;
		};
		BC050347A791CCA0C3893211 /* [CP] Embed Pods Frameworks */ = {
			isa = PBXShellScriptBuildPhase;
			buildActionMask = 2147483647;
			files = (
			);
			inputPaths = (
			);
			name = "[CP] Embed Pods Frameworks";
			outputPaths = (
			);
			runOnlyForDeploymentPostprocessing = 0;
			shellPath = /bin/sh;
			shellScript = "\"${SRCROOT}/Pods/Target Support Files/Pods-planit v0.2/Pods-planit v0.2-frameworks.sh\"\n";
			showEnvVarsInLog = 0;
		};
		C0505AF59EA94D8378867A92 /* [CP] Copy Pods Resources */ = {
			isa = PBXShellScriptBuildPhase;
			buildActionMask = 2147483647;
			files = (
			);
			inputPaths = (
			);
			name = "[CP] Copy Pods Resources";
			outputPaths = (
			);
			runOnlyForDeploymentPostprocessing = 0;
			shellPath = /bin/sh;
			shellScript = "\"${SRCROOT}/Pods/Target Support Files/Pods-planit v0.2Tests/Pods-planit v0.2Tests-resources.sh\"\n";
			showEnvVarsInLog = 0;
		};
		C0FEA9315CFF278426C785C0 /* [CP] Check Pods Manifest.lock */ = {
			isa = PBXShellScriptBuildPhase;
			buildActionMask = 2147483647;
			files = (
			);
			inputPaths = (
			);
			name = "[CP] Check Pods Manifest.lock";
			outputPaths = (
			);
			runOnlyForDeploymentPostprocessing = 0;
			shellPath = /bin/sh;
			shellScript = "diff \"${PODS_ROOT}/../Podfile.lock\" \"${PODS_ROOT}/Manifest.lock\" > /dev/null\nif [ $? != 0 ] ; then\n    # print error to STDERR\n    echo \"error: The sandbox is not in sync with the Podfile.lock. Run 'pod install' or update your CocoaPods installation.\" >&2\n    exit 1\nfi\n";
			showEnvVarsInLog = 0;
		};
		FA4E92271E3522BA00231C72 /* Generate Apollo GraphQL API */ = {
			isa = PBXShellScriptBuildPhase;
			buildActionMask = 2147483647;
			files = (
			);
			inputPaths = (
			);
			name = "Generate Apollo GraphQL API";
			outputPaths = (
			);
			runOnlyForDeploymentPostprocessing = 0;
			shellPath = /bin/sh;
			shellScript = "APOLLO_FRAMEWORK_PATH=\"$(eval find $FRAMEWORK_SEARCH_PATHS -name \"Apollo.framework\" -maxdepth 1)\"\n\nif [ -z \"$APOLLO_FRAMEWORK_PATH\" ]; then\necho \"error: Couldn't find Apollo.framework in FRAMEWORK_SEARCH_PATHS; make sure to add the framework to your project.\"\nexit 1\nfi\n\ncd \"${SRCROOT}/${TARGET_NAME}\"\n$APOLLO_FRAMEWORK_PATH/check-and-run-apollo-codegen.sh generate $(find . -name '*.graphql') --schema schema.json --output API.swift";
		};
/* End PBXShellScriptBuildPhase section */

/* Begin PBXSourcesBuildPhase section */
		FAA8F21B1E35194100CD7337 /* Sources */ = {
			isa = PBXSourcesBuildPhase;
			buildActionMask = 2147483647;
			files = (
				FAA8F2771E351B9500CD7337 /* TripListViewController.swift in Sources */,
				FA5F13AB1EB92E310003A992 /* amenityTableViewCell.swift in Sources */,
				FAA8F26D1E351B9500CD7337 /* HomeAirportViewController.swift in Sources */,
				FAA8F29D1E351DDE00CD7337 /* itemizedItineraryTableViewCell.swift in Sources */,
				FAA8F29C1E351DDE00CD7337 /* ExistingTripTableViewCell.swift in Sources */,
				FA09A3EA1EB110A6007F64A3 /* ToDoViewController.swift in Sources */,
				FA09A3F21EB23894007F64A3 /* CardView.swift in Sources */,
				FAA8F26C1E351B9500CD7337 /* EmailViewController.swift in Sources */,
				FAA8F2711E351B9500CD7337 /* PasswordViewController.swift in Sources */,
				FAC1BD311EAE7707008AB7C4 /* ZLSwipeableView.swift in Sources */,
				FAC1BD2E1EAE7707008AB7C4 /* Direction.swift in Sources */,
				FAC1BD2F1EAE7707008AB7C4 /* Scheduler.swift in Sources */,
				FAA8F2761E351B9500CD7337 /* SuggestDestinationViewController.swift in Sources */,
				FAA8F29F1E351DDE00CD7337 /* timeOfDayTableViewCell.swift in Sources */,
				FAA8F28E1E351DBF00CD7337 /* monthHeaderView.swift in Sources */,
				FAA8F2691E351B9500CD7337 /* BirthdayGenderViewController.swift in Sources */,
				FA187E451E37005200971D47 /* messageComposer.swift in Sources */,
				FA35EF311EA5506D0029E462 /* HotelPreferencesViewController.swift in Sources */,
				FAA8F2951E351DCD00CD7337 /* contactsCollectionViewCell.swift in Sources */,
				FAA8F2231E35194100CD7337 /* AppDelegate.swift in Sources */,
				FAA8F2681E351B9500CD7337 /* ActivitiesViewController.swift in Sources */,
				FAC1BD301EAE7707008AB7C4 /* ViewManager.swift in Sources */,
				FA4E922B1E3526DD00231C72 /* API.swift in Sources */,
				FAA8F2751E351B9500CD7337 /* SettingsViewController.swift in Sources */,
				FAA8F26F1E351B9500CD7337 /* InternationalViewController.swift in Sources */,
				FAA8F2701E351B9500CD7337 /* NewTripNameViewController.swift in Sources */,
				FAA8F2831E351D8D00CD7337 /* DataContainerSingleton.swift in Sources */,
				FAA8F29E1E351DDE00CD7337 /* rankedRecommendationsTableViewCell.swift in Sources */,
				FAA8F29B1E351DDE00CD7337 /* contactsTableViewCell.swift in Sources */,
				FAA8F26E1E351B9500CD7337 /* InstructionsViewController.swift in Sources */,
				FAA8F26A1E351B9500CD7337 /* BudgetViewController.swift in Sources */,
				FAA8F2721E351B9500CD7337 /* RankingViewController.swift in Sources */,
				FA2CFC0A1E3E57A200527405 /* UnbookedTripSummaryViewController.swift in Sources */,
				FAA8F2931E351DCD00CD7337 /* ActivitiesCollectionViewCell.swift in Sources */,
				FA09A3EE1EB23694007F64A3 /* ToDoCardView.swift in Sources */,
				FAA8F2741E351B9500CD7337 /* ReviewAndBookViewController.swift in Sources */,
				FAA8F28C1E351DBF00CD7337 /* CellView.swift in Sources */,
				FAA8F2941E351DCD00CD7337 /* ActivityItem.swift in Sources */,
			);
			runOnlyForDeploymentPostprocessing = 0;
		};
		FAA8F22F1E35194100CD7337 /* Sources */ = {
			isa = PBXSourcesBuildPhase;
			buildActionMask = 2147483647;
			files = (
				FAA8F2381E35194100CD7337 /* planit_v0_2Tests.swift in Sources */,
			);
			runOnlyForDeploymentPostprocessing = 0;
		};
		FAA8F23A1E35194100CD7337 /* Sources */ = {
			isa = PBXSourcesBuildPhase;
			buildActionMask = 2147483647;
			files = (
				FAA8F2431E35194100CD7337 /* planit_v0_2UITests.swift in Sources */,
			);
			runOnlyForDeploymentPostprocessing = 0;
		};
/* End PBXSourcesBuildPhase section */

/* Begin PBXTargetDependency section */
		FAA8F2351E35194100CD7337 /* PBXTargetDependency */ = {
			isa = PBXTargetDependency;
			target = FAA8F21E1E35194100CD7337 /* planit v0.2 */;
			targetProxy = FAA8F2341E35194100CD7337 /* PBXContainerItemProxy */;
		};
		FAA8F2401E35194100CD7337 /* PBXTargetDependency */ = {
			isa = PBXTargetDependency;
			target = FAA8F21E1E35194100CD7337 /* planit v0.2 */;
			targetProxy = FAA8F23F1E35194100CD7337 /* PBXContainerItemProxy */;
		};
/* End PBXTargetDependency section */

/* Begin PBXVariantGroup section */
		FAA8F2501E351A2700CD7337 /* LaunchScreen.storyboard */ = {
			isa = PBXVariantGroup;
			children = (
				FAA8F2511E351A2700CD7337 /* Base */,
			);
			name = LaunchScreen.storyboard;
			sourceTree = "<group>";
		};
		FAA8F2521E351A2700CD7337 /* Main.storyboard */ = {
			isa = PBXVariantGroup;
			children = (
				FAA8F2531E351A2700CD7337 /* Base */,
			);
			name = Main.storyboard;
			sourceTree = "<group>";
		};
/* End PBXVariantGroup section */

/* Begin XCBuildConfiguration section */
		FAA8F2451E35194100CD7337 /* Debug */ = {
			isa = XCBuildConfiguration;
			buildSettings = {
				ALWAYS_SEARCH_USER_PATHS = NO;
				CLANG_ANALYZER_NONNULL = YES;
				CLANG_CXX_LANGUAGE_STANDARD = "gnu++0x";
				CLANG_CXX_LIBRARY = "libc++";
				CLANG_ENABLE_MODULES = YES;
				CLANG_ENABLE_OBJC_ARC = YES;
				CLANG_WARN_BOOL_CONVERSION = YES;
				CLANG_WARN_CONSTANT_CONVERSION = YES;
				CLANG_WARN_DIRECT_OBJC_ISA_USAGE = YES_ERROR;
				CLANG_WARN_DOCUMENTATION_COMMENTS = YES;
				CLANG_WARN_EMPTY_BODY = YES;
				CLANG_WARN_ENUM_CONVERSION = YES;
				CLANG_WARN_INFINITE_RECURSION = YES;
				CLANG_WARN_INT_CONVERSION = YES;
				CLANG_WARN_OBJC_ROOT_CLASS = YES_ERROR;
				CLANG_WARN_SUSPICIOUS_MOVE = YES;
				CLANG_WARN_UNREACHABLE_CODE = YES;
				CLANG_WARN__DUPLICATE_METHOD_MATCH = YES;
				"CODE_SIGN_IDENTITY[sdk=iphoneos*]" = "iPhone Developer";
				COPY_PHASE_STRIP = NO;
				DEBUG_INFORMATION_FORMAT = dwarf;
				ENABLE_STRICT_OBJC_MSGSEND = YES;
				ENABLE_TESTABILITY = YES;
				GCC_C_LANGUAGE_STANDARD = gnu99;
				GCC_DYNAMIC_NO_PIC = NO;
				GCC_NO_COMMON_BLOCKS = YES;
				GCC_OPTIMIZATION_LEVEL = 0;
				GCC_PREPROCESSOR_DEFINITIONS = (
					"DEBUG=1",
					"$(inherited)",
				);
				GCC_WARN_64_TO_32_BIT_CONVERSION = YES;
				GCC_WARN_ABOUT_RETURN_TYPE = YES_ERROR;
				GCC_WARN_UNDECLARED_SELECTOR = YES;
				GCC_WARN_UNINITIALIZED_AUTOS = YES_AGGRESSIVE;
				GCC_WARN_UNUSED_FUNCTION = YES;
				GCC_WARN_UNUSED_VARIABLE = YES;
				IPHONEOS_DEPLOYMENT_TARGET = 10.2;
				MTL_ENABLE_DEBUG_INFO = YES;
				ONLY_ACTIVE_ARCH = YES;
				SDKROOT = iphoneos;
				SWIFT_ACTIVE_COMPILATION_CONDITIONS = DEBUG;
				SWIFT_OPTIMIZATION_LEVEL = "-Onone";
				TARGETED_DEVICE_FAMILY = "1,2";
			};
			name = Debug;
		};
		FAA8F2461E35194100CD7337 /* Release */ = {
			isa = XCBuildConfiguration;
			buildSettings = {
				ALWAYS_SEARCH_USER_PATHS = NO;
				CLANG_ANALYZER_NONNULL = YES;
				CLANG_CXX_LANGUAGE_STANDARD = "gnu++0x";
				CLANG_CXX_LIBRARY = "libc++";
				CLANG_ENABLE_MODULES = YES;
				CLANG_ENABLE_OBJC_ARC = YES;
				CLANG_WARN_BOOL_CONVERSION = YES;
				CLANG_WARN_CONSTANT_CONVERSION = YES;
				CLANG_WARN_DIRECT_OBJC_ISA_USAGE = YES_ERROR;
				CLANG_WARN_DOCUMENTATION_COMMENTS = YES;
				CLANG_WARN_EMPTY_BODY = YES;
				CLANG_WARN_ENUM_CONVERSION = YES;
				CLANG_WARN_INFINITE_RECURSION = YES;
				CLANG_WARN_INT_CONVERSION = YES;
				CLANG_WARN_OBJC_ROOT_CLASS = YES_ERROR;
				CLANG_WARN_SUSPICIOUS_MOVE = YES;
				CLANG_WARN_UNREACHABLE_CODE = YES;
				CLANG_WARN__DUPLICATE_METHOD_MATCH = YES;
				"CODE_SIGN_IDENTITY[sdk=iphoneos*]" = "iPhone Developer";
				COPY_PHASE_STRIP = NO;
				DEBUG_INFORMATION_FORMAT = "dwarf-with-dsym";
				ENABLE_NS_ASSERTIONS = NO;
				ENABLE_STRICT_OBJC_MSGSEND = YES;
				GCC_C_LANGUAGE_STANDARD = gnu99;
				GCC_NO_COMMON_BLOCKS = YES;
				GCC_WARN_64_TO_32_BIT_CONVERSION = YES;
				GCC_WARN_ABOUT_RETURN_TYPE = YES_ERROR;
				GCC_WARN_UNDECLARED_SELECTOR = YES;
				GCC_WARN_UNINITIALIZED_AUTOS = YES_AGGRESSIVE;
				GCC_WARN_UNUSED_FUNCTION = YES;
				GCC_WARN_UNUSED_VARIABLE = YES;
				IPHONEOS_DEPLOYMENT_TARGET = 10.2;
				MTL_ENABLE_DEBUG_INFO = NO;
				SDKROOT = iphoneos;
				SWIFT_OPTIMIZATION_LEVEL = "-Owholemodule";
				TARGETED_DEVICE_FAMILY = "1,2";
				VALIDATE_PRODUCT = YES;
			};
			name = Release;
		};
		FAA8F2481E35194100CD7337 /* Debug */ = {
			isa = XCBuildConfiguration;
			baseConfigurationReference = 81A95C40AC4ED87921A183FF /* Pods-planit v0.2.debug.xcconfig */;
			buildSettings = {
				ALWAYS_EMBED_SWIFT_STANDARD_LIBRARIES = YES;
				ASSETCATALOG_COMPILER_APPICON_NAME = AppIcon;
				DEVELOPMENT_TEAM = ATC5M6XDB6;
				INFOPLIST_FILE = "planit v0.2/Info.plist";
				LD_RUNPATH_SEARCH_PATHS = "$(inherited) @executable_path/Frameworks";
				PRODUCT_BUNDLE_IDENTIFIER = "com.example.planit-v0-2";
				PRODUCT_NAME = "$(TARGET_NAME)";
				SWIFT_VERSION = 3.0;
				TARGETED_DEVICE_FAMILY = 1;
			};
			name = Debug;
		};
		FAA8F2491E35194100CD7337 /* Release */ = {
			isa = XCBuildConfiguration;
			baseConfigurationReference = BA83D88C34C8633D819ABD13 /* Pods-planit v0.2.release.xcconfig */;
			buildSettings = {
				ALWAYS_EMBED_SWIFT_STANDARD_LIBRARIES = YES;
				ASSETCATALOG_COMPILER_APPICON_NAME = AppIcon;
				DEVELOPMENT_TEAM = ATC5M6XDB6;
				INFOPLIST_FILE = "planit v0.2/Info.plist";
				LD_RUNPATH_SEARCH_PATHS = "$(inherited) @executable_path/Frameworks";
				PRODUCT_BUNDLE_IDENTIFIER = "com.example.planit-v0-2";
				PRODUCT_NAME = "$(TARGET_NAME)";
				SWIFT_VERSION = 3.0;
				TARGETED_DEVICE_FAMILY = 1;
			};
			name = Release;
		};
		FAA8F24B1E35194100CD7337 /* Debug */ = {
			isa = XCBuildConfiguration;
			baseConfigurationReference = 183684F793A8CF0022C2145E /* Pods-planit v0.2Tests.debug.xcconfig */;
			buildSettings = {
				ALWAYS_EMBED_SWIFT_STANDARD_LIBRARIES = YES;
				BUNDLE_LOADER = "$(TEST_HOST)";
				INFOPLIST_FILE = "planit v0.2Tests/Info.plist";
				LD_RUNPATH_SEARCH_PATHS = "$(inherited) @executable_path/Frameworks @loader_path/Frameworks";
				PRODUCT_BUNDLE_IDENTIFIER = "com.example.planit-v0-2Tests";
				PRODUCT_NAME = "$(TARGET_NAME)";
				SWIFT_VERSION = 3.0;
				TEST_HOST = "$(BUILT_PRODUCTS_DIR)/planit v0.2.app/planit v0.2";
			};
			name = Debug;
		};
		FAA8F24C1E35194100CD7337 /* Release */ = {
			isa = XCBuildConfiguration;
			baseConfigurationReference = 92CC22ADBD7E4A43109711B5 /* Pods-planit v0.2Tests.release.xcconfig */;
			buildSettings = {
				ALWAYS_EMBED_SWIFT_STANDARD_LIBRARIES = YES;
				BUNDLE_LOADER = "$(TEST_HOST)";
				INFOPLIST_FILE = "planit v0.2Tests/Info.plist";
				LD_RUNPATH_SEARCH_PATHS = "$(inherited) @executable_path/Frameworks @loader_path/Frameworks";
				PRODUCT_BUNDLE_IDENTIFIER = "com.example.planit-v0-2Tests";
				PRODUCT_NAME = "$(TARGET_NAME)";
				SWIFT_VERSION = 3.0;
				TEST_HOST = "$(BUILT_PRODUCTS_DIR)/planit v0.2.app/planit v0.2";
			};
			name = Release;
		};
		FAA8F24E1E35194100CD7337 /* Debug */ = {
			isa = XCBuildConfiguration;
			baseConfigurationReference = 7CF87F683795222884A322CE /* Pods-planit v0.2UITests.debug.xcconfig */;
			buildSettings = {
				ALWAYS_EMBED_SWIFT_STANDARD_LIBRARIES = YES;
				INFOPLIST_FILE = "planit v0.2UITests/Info.plist";
				LD_RUNPATH_SEARCH_PATHS = "$(inherited) @executable_path/Frameworks @loader_path/Frameworks";
				PRODUCT_BUNDLE_IDENTIFIER = "com.example.planit-v0-2UITests";
				PRODUCT_NAME = "$(TARGET_NAME)";
				SWIFT_VERSION = 3.0;
				TEST_TARGET_NAME = "planit v0.2";
			};
			name = Debug;
		};
		FAA8F24F1E35194100CD7337 /* Release */ = {
			isa = XCBuildConfiguration;
			baseConfigurationReference = 107E1EEE1E84BDF1E9696603 /* Pods-planit v0.2UITests.release.xcconfig */;
			buildSettings = {
				ALWAYS_EMBED_SWIFT_STANDARD_LIBRARIES = YES;
				INFOPLIST_FILE = "planit v0.2UITests/Info.plist";
				LD_RUNPATH_SEARCH_PATHS = "$(inherited) @executable_path/Frameworks @loader_path/Frameworks";
				PRODUCT_BUNDLE_IDENTIFIER = "com.example.planit-v0-2UITests";
				PRODUCT_NAME = "$(TARGET_NAME)";
				SWIFT_VERSION = 3.0;
				TEST_TARGET_NAME = "planit v0.2";
			};
			name = Release;
		};
/* End XCBuildConfiguration section */

/* Begin XCConfigurationList section */
		FAA8F21A1E35194100CD7337 /* Build configuration list for PBXProject "planit v0.2" */ = {
			isa = XCConfigurationList;
			buildConfigurations = (
				FAA8F2451E35194100CD7337 /* Debug */,
				FAA8F2461E35194100CD7337 /* Release */,
			);
			defaultConfigurationIsVisible = 0;
			defaultConfigurationName = Release;
		};
		FAA8F2471E35194100CD7337 /* Build configuration list for PBXNativeTarget "planit v0.2" */ = {
			isa = XCConfigurationList;
			buildConfigurations = (
				FAA8F2481E35194100CD7337 /* Debug */,
				FAA8F2491E35194100CD7337 /* Release */,
			);
			defaultConfigurationIsVisible = 0;
			defaultConfigurationName = Release;
		};
		FAA8F24A1E35194100CD7337 /* Build configuration list for PBXNativeTarget "planit v0.2Tests" */ = {
			isa = XCConfigurationList;
			buildConfigurations = (
				FAA8F24B1E35194100CD7337 /* Debug */,
				FAA8F24C1E35194100CD7337 /* Release */,
			);
			defaultConfigurationIsVisible = 0;
			defaultConfigurationName = Release;
		};
		FAA8F24D1E35194100CD7337 /* Build configuration list for PBXNativeTarget "planit v0.2UITests" */ = {
			isa = XCConfigurationList;
			buildConfigurations = (
				FAA8F24E1E35194100CD7337 /* Debug */,
				FAA8F24F1E35194100CD7337 /* Release */,
			);
			defaultConfigurationIsVisible = 0;
			defaultConfigurationName = Release;
		};
/* End XCConfigurationList section */
	};
	rootObject = FAA8F2171E35194100CD7337 /* Project object */;
}
